// !$*UTF8*$!
{
	archiveVersion = 1;
	classes = {
	};
	objectVersion = 50;
	objects = {

/* Begin PBXBuildFile section */
		65358AD82157DE340087CA0C /* VButton.swift in Sources */ = {isa = PBXBuildFile; fileRef = 65358AD72157DE330087CA0C /* VButton.swift */; };
		65358ADA2157DE3E0087CA0C /* CalendarDateItem.swift in Sources */ = {isa = PBXBuildFile; fileRef = 65358AD92157DE3E0087CA0C /* CalendarDateItem.swift */; };
		654CD0832106FCFE00F6FFE3 /* CalendarMonth.swift in Sources */ = {isa = PBXBuildFile; fileRef = 654CD07E2106FCFD00F6FFE3 /* CalendarMonth.swift */; };
		654CD0862106FCFE00F6FFE3 /* CalendarDateItem.xib in Resources */ = {isa = PBXBuildFile; fileRef = 654CD0812106FCFE00F6FFE3 /* CalendarDateItem.xib */; };
		657BD1EB211F7A1000966D93 /* CalendarView.xib in Resources */ = {isa = PBXBuildFile; fileRef = 657BD1E9211F7A1000966D93 /* CalendarView.xib */; };
		657BD1EC211F7A1000966D93 /* CalendarView.swift in Sources */ = {isa = PBXBuildFile; fileRef = 657BD1EA211F7A1000966D93 /* CalendarView.swift */; };
		65D340B8212BA0D700B61756 /* TemporalView.swift in Sources */ = {isa = PBXBuildFile; fileRef = 65D340B7212BA0D700B61756 /* TemporalView.swift */; };
		65E550112104AB6700FE56B5 /* AppDelegate.swift in Sources */ = {isa = PBXBuildFile; fileRef = 65E550102104AB6700FE56B5 /* AppDelegate.swift */; };
		65E550132104AB6800FE56B5 /* Assets.xcassets in Resources */ = {isa = PBXBuildFile; fileRef = 65E550122104AB6800FE56B5 /* Assets.xcassets */; };
		65E550162104AB6800FE56B5 /* MainMenu.xib in Resources */ = {isa = PBXBuildFile; fileRef = 65E550142104AB6800FE56B5 /* MainMenu.xib */; };
		65E550212104B00A00FE56B5 /* ClockView.swift in Sources */ = {isa = PBXBuildFile; fileRef = 65E5501F2104B00A00FE56B5 /* ClockView.swift */; };
		65E550252104B0E700FE56B5 /* StatusMenuController.swift in Sources */ = {isa = PBXBuildFile; fileRef = 65E550242104B0E700FE56B5 /* StatusMenuController.swift */; };
/* End PBXBuildFile section */

/* Begin PBXFileReference section */
		65358AD72157DE330087CA0C /* VButton.swift */ = {isa = PBXFileReference; fileEncoding = 4; lastKnownFileType = sourcecode.swift; path = VButton.swift; sourceTree = "<group>"; };
		65358AD92157DE3E0087CA0C /* CalendarDateItem.swift */ = {isa = PBXFileReference; fileEncoding = 4; lastKnownFileType = sourcecode.swift; path = CalendarDateItem.swift; sourceTree = "<group>"; };
		654CD07E2106FCFD00F6FFE3 /* CalendarMonth.swift */ = {isa = PBXFileReference; fileEncoding = 4; lastKnownFileType = sourcecode.swift; path = CalendarMonth.swift; sourceTree = "<group>"; };
		654CD0812106FCFE00F6FFE3 /* CalendarDateItem.xib */ = {isa = PBXFileReference; fileEncoding = 4; lastKnownFileType = file.xib; path = CalendarDateItem.xib; sourceTree = "<group>"; };
		657BD1E9211F7A1000966D93 /* CalendarView.xib */ = {isa = PBXFileReference; fileEncoding = 4; lastKnownFileType = file.xib; path = CalendarView.xib; sourceTree = "<group>"; };
		657BD1EA211F7A1000966D93 /* CalendarView.swift */ = {isa = PBXFileReference; fileEncoding = 4; lastKnownFileType = sourcecode.swift; path = CalendarView.swift; sourceTree = "<group>"; };
		65D340B7212BA0D700B61756 /* TemporalView.swift */ = {isa = PBXFileReference; fileEncoding = 4; lastKnownFileType = sourcecode.swift; path = TemporalView.swift; sourceTree = "<group>"; };
		65E5500D2104AB6700FE56B5 /* Temporal.app */ = {isa = PBXFileReference; explicitFileType = wrapper.application; includeInIndex = 0; path = Temporal.app; sourceTree = BUILT_PRODUCTS_DIR; };
		65E550102104AB6700FE56B5 /* AppDelegate.swift */ = {isa = PBXFileReference; lastKnownFileType = sourcecode.swift; path = AppDelegate.swift; sourceTree = "<group>"; };
		65E550122104AB6800FE56B5 /* Assets.xcassets */ = {isa = PBXFileReference; lastKnownFileType = folder.assetcatalog; path = Assets.xcassets; sourceTree = "<group>"; };
		65E550152104AB6800FE56B5 /* Base */ = {isa = PBXFileReference; lastKnownFileType = file.xib; name = Base; path = Base.lproj/MainMenu.xib; sourceTree = "<group>"; };
		65E550172104AB6800FE56B5 /* Info.plist */ = {isa = PBXFileReference; lastKnownFileType = text.plist.xml; path = Info.plist; sourceTree = "<group>"; };
		65E550182104AB6800FE56B5 /* Temporal.entitlements */ = {isa = PBXFileReference; lastKnownFileType = text.plist.entitlements; path = Temporal.entitlements; sourceTree = "<group>"; };
		65E5501F2104B00A00FE56B5 /* ClockView.swift */ = {isa = PBXFileReference; fileEncoding = 4; lastKnownFileType = sourcecode.swift; path = ClockView.swift; sourceTree = "<group>"; };
		65E550242104B0E700FE56B5 /* StatusMenuController.swift */ = {isa = PBXFileReference; lastKnownFileType = sourcecode.swift; path = StatusMenuController.swift; sourceTree = "<group>"; };
/* End PBXFileReference section */

/* Begin PBXFrameworksBuildPhase section */
		65E5500A2104AB6700FE56B5 /* Frameworks */ = {
			isa = PBXFrameworksBuildPhase;
			buildActionMask = 2147483647;
			files = (
			);
			runOnlyForDeploymentPostprocessing = 0;
		};
/* End PBXFrameworksBuildPhase section */

/* Begin PBXGroup section */
		654CD0882107544600F6FFE3 /* Views */ = {
			isa = PBXGroup;
			children = (
				65358AD92157DE3E0087CA0C /* CalendarDateItem.swift */,
				657BD1EA211F7A1000966D93 /* CalendarView.swift */,
				65D340B7212BA0D700B61756 /* TemporalView.swift */,
				65E5501F2104B00A00FE56B5 /* ClockView.swift */,
			);
			path = Views;
			sourceTree = "<group>";
		};
		654CD0892107545900F6FFE3 /* Model */ = {
			isa = PBXGroup;
			children = (
				654CD07E2106FCFD00F6FFE3 /* CalendarMonth.swift */,
			);
			path = Model;
			sourceTree = "<group>";
		};
		654CD08A2107547600F6FFE3 /* Controllers */ = {
			isa = PBXGroup;
			children = (
				65E550242104B0E700FE56B5 /* StatusMenuController.swift */,
			);
			path = Controllers;
			sourceTree = "<group>";
		};
		654CD08B2107549700F6FFE3 /* Interface */ = {
			isa = PBXGroup;
			children = (
				65358AD72157DE330087CA0C /* VButton.swift */,
				657BD1E9211F7A1000966D93 /* CalendarView.xib */,
				654CD0812106FCFE00F6FFE3 /* CalendarDateItem.xib */,
				65E550142104AB6800FE56B5 /* MainMenu.xib */,
			);
			path = Interface;
			sourceTree = "<group>";
		};
		65E550042104AB6700FE56B5 = {
			isa = PBXGroup;
			children = (
				65E5500F2104AB6700FE56B5 /* Temporal */,
				65E5500E2104AB6700FE56B5 /* Products */,
			);
			sourceTree = "<group>";
		};
		65E5500E2104AB6700FE56B5 /* Products */ = {
			isa = PBXGroup;
			children = (
				65E5500D2104AB6700FE56B5 /* Temporal.app */,
			);
			name = Products;
			sourceTree = "<group>";
		};
		65E5500F2104AB6700FE56B5 /* Temporal */ = {
			isa = PBXGroup;
			children = (
				65E550102104AB6700FE56B5 /* AppDelegate.swift */,
				654CD08B2107549700F6FFE3 /* Interface */,
				654CD08A2107547600F6FFE3 /* Controllers */,
				654CD0892107545900F6FFE3 /* Model */,
				654CD0882107544600F6FFE3 /* Views */,
				65E550122104AB6800FE56B5 /* Assets.xcassets */,
				65E550172104AB6800FE56B5 /* Info.plist */,
				65E550182104AB6800FE56B5 /* Temporal.entitlements */,
			);
			path = Temporal;
			sourceTree = "<group>";
		};
/* End PBXGroup section */

/* Begin PBXNativeTarget section */
		65E5500C2104AB6700FE56B5 /* Temporal */ = {
			isa = PBXNativeTarget;
			buildConfigurationList = 65E5501B2104AB6800FE56B5 /* Build configuration list for PBXNativeTarget "Temporal" */;
			buildPhases = (
				65E550092104AB6700FE56B5 /* Sources */,
				65E5500A2104AB6700FE56B5 /* Frameworks */,
				65E5500B2104AB6700FE56B5 /* Resources */,
			);
			buildRules = (
			);
			dependencies = (
			);
			name = Temporal;
			productName = Temporal2;
			productReference = 65E5500D2104AB6700FE56B5 /* Temporal.app */;
			productType = "com.apple.product-type.application";
		};
/* End PBXNativeTarget section */

/* Begin PBXProject section */
		65E550052104AB6700FE56B5 /* Project object */ = {
			isa = PBXProject;
			attributes = {
				LastSwiftUpdateCheck = 0940;
				LastUpgradeCheck = 0940;
				ORGANIZATIONNAME = "Venky UL";
				TargetAttributes = {
					65E5500C2104AB6700FE56B5 = {
						CreatedOnToolsVersion = 9.4.1;
						LastSwiftMigration = 1000;
					};
				};
			};
			buildConfigurationList = 65E550082104AB6700FE56B5 /* Build configuration list for PBXProject "Temporal" */;
			compatibilityVersion = "Xcode 9.3";
			developmentRegion = en;
			hasScannedForEncodings = 0;
			knownRegions = (
				en,
				Base,
			);
			mainGroup = 65E550042104AB6700FE56B5;
			productRefGroup = 65E5500E2104AB6700FE56B5 /* Products */;
			projectDirPath = "";
			projectRoot = "";
			targets = (
				65E5500C2104AB6700FE56B5 /* Temporal */,
			);
		};
/* End PBXProject section */

/* Begin PBXResourcesBuildPhase section */
		65E5500B2104AB6700FE56B5 /* Resources */ = {
			isa = PBXResourcesBuildPhase;
			buildActionMask = 2147483647;
			files = (
				657BD1EB211F7A1000966D93 /* CalendarView.xib in Resources */,
				654CD0862106FCFE00F6FFE3 /* CalendarDateItem.xib in Resources */,
				65E550132104AB6800FE56B5 /* Assets.xcassets in Resources */,
				65E550162104AB6800FE56B5 /* MainMenu.xib in Resources */,
			);
			runOnlyForDeploymentPostprocessing = 0;
		};
/* End PBXResourcesBuildPhase section */

/* Begin PBXSourcesBuildPhase section */
		65E550092104AB6700FE56B5 /* Sources */ = {
			isa = PBXSourcesBuildPhase;
			buildActionMask = 2147483647;
			files = (
				65358ADA2157DE3E0087CA0C /* CalendarDateItem.swift in Sources */,
				654CD0832106FCFE00F6FFE3 /* CalendarMonth.swift in Sources */,
				657BD1EC211F7A1000966D93 /* CalendarView.swift in Sources */,
				65D340B8212BA0D700B61756 /* TemporalView.swift in Sources */,
				65358AD82157DE340087CA0C /* VButton.swift in Sources */,
				65E550212104B00A00FE56B5 /* ClockView.swift in Sources */,
				65E550252104B0E700FE56B5 /* StatusMenuController.swift in Sources */,
				65E550112104AB6700FE56B5 /* AppDelegate.swift in Sources */,
			);
			runOnlyForDeploymentPostprocessing = 0;
		};
/* End PBXSourcesBuildPhase section */

/* Begin PBXVariantGroup section */
		65E550142104AB6800FE56B5 /* MainMenu.xib */ = {
			isa = PBXVariantGroup;
			children = (
				65E550152104AB6800FE56B5 /* Base */,
			);
			name = MainMenu.xib;
			sourceTree = "<group>";
		};
/* End PBXVariantGroup section */

/* Begin XCBuildConfiguration section */
		65E550192104AB6800FE56B5 /* Debug */ = {
			isa = XCBuildConfiguration;
			buildSettings = {
				ALWAYS_SEARCH_USER_PATHS = NO;
				CLANG_ANALYZER_NONNULL = YES;
				CLANG_ANALYZER_NUMBER_OBJECT_CONVERSION = YES_AGGRESSIVE;
				CLANG_CXX_LANGUAGE_STANDARD = "gnu++14";
				CLANG_CXX_LIBRARY = "libc++";
				CLANG_ENABLE_MODULES = YES;
				CLANG_ENABLE_OBJC_ARC = YES;
				CLANG_ENABLE_OBJC_WEAK = YES;
				CLANG_WARN_BLOCK_CAPTURE_AUTORELEASING = YES;
				CLANG_WARN_BOOL_CONVERSION = YES;
				CLANG_WARN_COMMA = YES;
				CLANG_WARN_CONSTANT_CONVERSION = YES;
				CLANG_WARN_DEPRECATED_OBJC_IMPLEMENTATIONS = YES;
				CLANG_WARN_DIRECT_OBJC_ISA_USAGE = YES_ERROR;
				CLANG_WARN_DOCUMENTATION_COMMENTS = YES;
				CLANG_WARN_EMPTY_BODY = YES;
				CLANG_WARN_ENUM_CONVERSION = YES;
				CLANG_WARN_INFINITE_RECURSION = YES;
				CLANG_WARN_INT_CONVERSION = YES;
				CLANG_WARN_NON_LITERAL_NULL_CONVERSION = YES;
				CLANG_WARN_OBJC_IMPLICIT_RETAIN_SELF = YES;
				CLANG_WARN_OBJC_LITERAL_CONVERSION = YES;
				CLANG_WARN_OBJC_ROOT_CLASS = YES_ERROR;
				CLANG_WARN_RANGE_LOOP_ANALYSIS = YES;
				CLANG_WARN_STRICT_PROTOTYPES = YES;
				CLANG_WARN_SUSPICIOUS_MOVE = YES;
				CLANG_WARN_UNGUARDED_AVAILABILITY = YES_AGGRESSIVE;
				CLANG_WARN_UNREACHABLE_CODE = YES;
				CLANG_WARN__DUPLICATE_METHOD_MATCH = YES;
				CODE_SIGN_IDENTITY = "Mac Developer";
				COPY_PHASE_STRIP = NO;
				DEBUG_INFORMATION_FORMAT = dwarf;
				ENABLE_STRICT_OBJC_MSGSEND = YES;
				ENABLE_TESTABILITY = YES;
				GCC_C_LANGUAGE_STANDARD = gnu11;
				GCC_DYNAMIC_NO_PIC = NO;
				GCC_NO_COMMON_BLOCKS = YES;
				GCC_OPTIMIZATION_LEVEL = 0;
				GCC_PREPROCESSOR_DEFINITIONS = (
					"DEBUG=1",
					"$(inherited)",
				);
				GCC_WARN_64_TO_32_BIT_CONVERSION = YES;
				GCC_WARN_ABOUT_RETURN_TYPE = YES_ERROR;
				GCC_WARN_UNDECLARED_SELECTOR = YES;
				GCC_WARN_UNINITIALIZED_AUTOS = YES_AGGRESSIVE;
				GCC_WARN_UNUSED_FUNCTION = YES;
				GCC_WARN_UNUSED_VARIABLE = YES;
				MACOSX_DEPLOYMENT_TARGET = 10.13;
				MTL_ENABLE_DEBUG_INFO = YES;
				ONLY_ACTIVE_ARCH = YES;
				SDKROOT = macosx;
				SWIFT_ACTIVE_COMPILATION_CONDITIONS = DEBUG;
				SWIFT_OPTIMIZATION_LEVEL = "-Onone";
			};
			name = Debug;
		};
		65E5501A2104AB6800FE56B5 /* Release */ = {
			isa = XCBuildConfiguration;
			buildSettings = {
				ALWAYS_SEARCH_USER_PATHS = NO;
				CLANG_ANALYZER_NONNULL = YES;
				CLANG_ANALYZER_NUMBER_OBJECT_CONVERSION = YES_AGGRESSIVE;
				CLANG_CXX_LANGUAGE_STANDARD = "gnu++14";
				CLANG_CXX_LIBRARY = "libc++";
				CLANG_ENABLE_MODULES = YES;
				CLANG_ENABLE_OBJC_ARC = YES;
				CLANG_ENABLE_OBJC_WEAK = YES;
				CLANG_WARN_BLOCK_CAPTURE_AUTORELEASING = YES;
				CLANG_WARN_BOOL_CONVERSION = YES;
				CLANG_WARN_COMMA = YES;
				CLANG_WARN_CONSTANT_CONVERSION = YES;
				CLANG_WARN_DEPRECATED_OBJC_IMPLEMENTATIONS = YES;
				CLANG_WARN_DIRECT_OBJC_ISA_USAGE = YES_ERROR;
				CLANG_WARN_DOCUMENTATION_COMMENTS = YES;
				CLANG_WARN_EMPTY_BODY = YES;
				CLANG_WARN_ENUM_CONVERSION = YES;
				CLANG_WARN_INFINITE_RECURSION = YES;
				CLANG_WARN_INT_CONVERSION = YES;
				CLANG_WARN_NON_LITERAL_NULL_CONVERSION = YES;
				CLANG_WARN_OBJC_IMPLICIT_RETAIN_SELF = YES;
				CLANG_WARN_OBJC_LITERAL_CONVERSION = YES;
				CLANG_WARN_OBJC_ROOT_CLASS = YES_ERROR;
				CLANG_WARN_RANGE_LOOP_ANALYSIS = YES;
				CLANG_WARN_STRICT_PROTOTYPES = YES;
				CLANG_WARN_SUSPICIOUS_MOVE = YES;
				CLANG_WARN_UNGUARDED_AVAILABILITY = YES_AGGRESSIVE;
				CLANG_WARN_UNREACHABLE_CODE = YES;
				CLANG_WARN__DUPLICATE_METHOD_MATCH = YES;
				CODE_SIGN_IDENTITY = "Mac Developer";
				COPY_PHASE_STRIP = NO;
				DEBUG_INFORMATION_FORMAT = "dwarf-with-dsym";
				ENABLE_NS_ASSERTIONS = NO;
				ENABLE_STRICT_OBJC_MSGSEND = YES;
				GCC_C_LANGUAGE_STANDARD = gnu11;
				GCC_NO_COMMON_BLOCKS = YES;
				GCC_WARN_64_TO_32_BIT_CONVERSION = YES;
				GCC_WARN_ABOUT_RETURN_TYPE = YES_ERROR;
				GCC_WARN_UNDECLARED_SELECTOR = YES;
				GCC_WARN_UNINITIALIZED_AUTOS = YES_AGGRESSIVE;
				GCC_WARN_UNUSED_FUNCTION = YES;
				GCC_WARN_UNUSED_VARIABLE = YES;
				MACOSX_DEPLOYMENT_TARGET = 10.13;
				MTL_ENABLE_DEBUG_INFO = NO;
				SDKROOT = macosx;
				SWIFT_COMPILATION_MODE = wholemodule;
				SWIFT_OPTIMIZATION_LEVEL = "-O";
			};
			name = Release;
		};
		65E5501C2104AB6800FE56B5 /* Debug */ = {
			isa = XCBuildConfiguration;
			buildSettings = {
				ASSETCATALOG_COMPILER_APPICON_NAME = AppIcon;
				CODE_SIGN_ENTITLEMENTS = Temporal/Temporal.entitlements;
				CODE_SIGN_IDENTITY = "Mac Developer";
				CODE_SIGN_STYLE = Automatic;
				COMBINE_HIDPI_IMAGES = YES;
				DEVELOPMENT_TEAM = 74757A785Z;
				INFOPLIST_FILE = Temporal/Info.plist;
				LD_RUNPATH_SEARCH_PATHS = (
					"$(inherited)",
					"@executable_path/../Frameworks",
				);
				PRODUCT_BUNDLE_IDENTIFIER = com.venkyul.Temporal;
				PRODUCT_NAME = "$(TARGET_NAME)";
				PROVISIONING_PROFILE_SPECIFIER = "";
				SWIFT_VERSION = 4.2;
				VERSIONING_SYSTEM = "apple-generic";
				VERSION_INFO_BUILDER = Easwar;
			};
			name = Debug;
		};
		65E5501D2104AB6800FE56B5 /* Release */ = {
			isa = XCBuildConfiguration;
			buildSettings = {
				ASSETCATALOG_COMPILER_APPICON_NAME = AppIcon;
				CODE_SIGN_ENTITLEMENTS = Temporal/Temporal.entitlements;
				CODE_SIGN_IDENTITY = "Mac Developer";
				CODE_SIGN_STYLE = Automatic;
				COMBINE_HIDPI_IMAGES = YES;
				DEVELOPMENT_TEAM = 74757A785Z;
				INFOPLIST_FILE = Temporal/Info.plist;
				LD_RUNPATH_SEARCH_PATHS = (
					"$(inherited)",
					"@executable_path/../Frameworks",
				);
				PRODUCT_BUNDLE_IDENTIFIER = com.venkyul.Temporal;
				PRODUCT_NAME = "$(TARGET_NAME)";
				PROVISIONING_PROFILE_SPECIFIER = "";
				SWIFT_VERSION = 4.2;
				VERSIONING_SYSTEM = "apple-generic";
				VERSION_INFO_BUILDER = Easwar;
			};
			name = Release;
		};
/* End XCBuildConfiguration section */

/* Begin XCConfigurationList section */
		65E550082104AB6700FE56B5 /* Build configuration list for PBXProject "Temporal" */ = {
			isa = XCConfigurationList;
			buildConfigurations = (
				65E550192104AB6800FE56B5 /* Debug */,
				65E5501A2104AB6800FE56B5 /* Release */,
			);
			defaultConfigurationIsVisible = 0;
			defaultConfigurationName = Release;
		};
		65E5501B2104AB6800FE56B5 /* Build configuration list for PBXNativeTarget "Temporal" */ = {
			isa = XCConfigurationList;
			buildConfigurations = (
				65E5501C2104AB6800FE56B5 /* Debug */,
				65E5501D2104AB6800FE56B5 /* Release */,
			);
			defaultConfigurationIsVisible = 0;
			defaultConfigurationName = Release;
		};
/* End XCConfigurationList section */
	};
	rootObject = 65E550052104AB6700FE56B5 /* Project object */;
}
