// !$*UTF8*$!
{
	archiveVersion = 1;
	classes = {
	};
	objectVersion = 50;
	objects = {

/* Begin PBXBuildFile section */
		65358AD82157DE340087CA0C /* VButton.swift in Sources */ = {isa = PBXBuildFile; fileRef = 65358AD72157DE330087CA0C /* VButton.swift */; };
		65358ADA2157DE3E0087CA0C /* CalendarDateItem.swift in Sources */ = {isa = PBXBuildFile; fileRef = 65358AD92157DE3E0087CA0C /* CalendarDateItem.swift */; };
		654CD0832106FCFE00F6FFE3 /* CalendarMonth.swift in Sources */ = {isa = PBXBuildFile; fileRef = 654CD07E2106FCFD00F6FFE3 /* CalendarMonth.swift */; };
		654CD0862106FCFE00F6FFE3 /* CalendarDateItem.xib in Resources */ = {isa = PBXBuildFile; fileRef = 654CD0812106FCFE00F6FFE3 /* CalendarDateItem.xib */; };
		65714A07216D81410067DA12 /* NotificationCenter.framework in Frameworks */ = {isa = PBXBuildFile; fileRef = 65714A06216D81410067DA12 /* NotificationCenter.framework */; };
		65714A0A216D81410067DA12 /* TodayViewController.swift in Sources */ = {isa = PBXBuildFile; fileRef = 65714A09216D81410067DA12 /* TodayViewController.swift */; };
		65714A0D216D81410067DA12 /* TodayViewController.xib in Resources */ = {isa = PBXBuildFile; fileRef = 65714A0B216D81410067DA12 /* TodayViewController.xib */; };
		65714A11216D81410067DA12 /* InfoPlist.strings in Resources */ = {isa = PBXBuildFile; fileRef = 65714A0F216D81410067DA12 /* InfoPlist.strings */; };
		65714A15216D81410067DA12 /* TemporalToday.appex in Embed App Extensions */ = {isa = PBXBuildFile; fileRef = 65714A04216D81410067DA12 /* TemporalToday.appex */; settings = {ATTRIBUTES = (RemoveHeadersOnCopy, ); }; };
		657BD1EB211F7A1000966D93 /* CalendarView.xib in Resources */ = {isa = PBXBuildFile; fileRef = 657BD1E9211F7A1000966D93 /* CalendarView.xib */; };
		657BD1EC211F7A1000966D93 /* CalendarView.swift in Sources */ = {isa = PBXBuildFile; fileRef = 657BD1EA211F7A1000966D93 /* CalendarView.swift */; };
		65B481AE2172E4B400E02285 /* ClockView.swift in Sources */ = {isa = PBXBuildFile; fileRef = 65B481AD2172E4B400E02285 /* ClockView.swift */; };
		65D340B8212BA0D700B61756 /* TemporalView.swift in Sources */ = {isa = PBXBuildFile; fileRef = 65D340B7212BA0D700B61756 /* TemporalView.swift */; };
		65E550112104AB6700FE56B5 /* AppDelegate.swift in Sources */ = {isa = PBXBuildFile; fileRef = 65E550102104AB6700FE56B5 /* AppDelegate.swift */; };
		65E550132104AB6800FE56B5 /* Assets.xcassets in Resources */ = {isa = PBXBuildFile; fileRef = 65E550122104AB6800FE56B5 /* Assets.xcassets */; };
		65E550162104AB6800FE56B5 /* MainMenu.xib in Resources */ = {isa = PBXBuildFile; fileRef = 65E550142104AB6800FE56B5 /* MainMenu.xib */; };
		65E550212104B00A00FE56B5 /* ClockView.swift in Sources */ = {isa = PBXBuildFile; fileRef = 65E5501F2104B00A00FE56B5 /* ClockView.swift */; };
		65E550252104B0E700FE56B5 /* StatusMenuController.swift in Sources */ = {isa = PBXBuildFile; fileRef = 65E550242104B0E700FE56B5 /* StatusMenuController.swift */; };
		65E8F34A23F06600009D3CD2 /* Themes.swift in Sources */ = {isa = PBXBuildFile; fileRef = 65E8F34923F06600009D3CD2 /* Themes.swift */; };
/* End PBXBuildFile section */

/* Begin PBXContainerItemProxy section */
		65714A13216D81410067DA12 /* PBXContainerItemProxy */ = {
			isa = PBXContainerItemProxy;
			containerPortal = 65E550052104AB6700FE56B5 /* Project object */;
			proxyType = 1;
			remoteGlobalIDString = 65714A03216D81410067DA12;
			remoteInfo = TemporalToday;
		};
/* End PBXContainerItemProxy section */

/* Begin PBXCopyFilesBuildPhase section */
		65714A19216D81410067DA12 /* Embed App Extensions */ = {
			isa = PBXCopyFilesBuildPhase;
			buildActionMask = 2147483647;
			dstPath = "";
			dstSubfolderSpec = 13;
			files = (
				65714A15216D81410067DA12 /* TemporalToday.appex in Embed App Extensions */,
			);
			name = "Embed App Extensions";
			runOnlyForDeploymentPostprocessing = 0;
		};
/* End PBXCopyFilesBuildPhase section */

/* Begin PBXFileReference section */
		65358AD72157DE330087CA0C /* VButton.swift */ = {isa = PBXFileReference; fileEncoding = 4; lastKnownFileType = sourcecode.swift; path = VButton.swift; sourceTree = "<group>"; };
		65358AD92157DE3E0087CA0C /* CalendarDateItem.swift */ = {isa = PBXFileReference; fileEncoding = 4; lastKnownFileType = sourcecode.swift; path = CalendarDateItem.swift; sourceTree = "<group>"; };
		654CD07E2106FCFD00F6FFE3 /* CalendarMonth.swift */ = {isa = PBXFileReference; fileEncoding = 4; lastKnownFileType = sourcecode.swift; path = CalendarMonth.swift; sourceTree = "<group>"; };
		654CD0812106FCFE00F6FFE3 /* CalendarDateItem.xib */ = {isa = PBXFileReference; fileEncoding = 4; lastKnownFileType = file.xib; path = CalendarDateItem.xib; sourceTree = "<group>"; };
		65714A04216D81410067DA12 /* TemporalToday.appex */ = {isa = PBXFileReference; explicitFileType = "wrapper.app-extension"; includeInIndex = 0; path = TemporalToday.appex; sourceTree = BUILT_PRODUCTS_DIR; };
		65714A06216D81410067DA12 /* NotificationCenter.framework */ = {isa = PBXFileReference; lastKnownFileType = wrapper.framework; name = NotificationCenter.framework; path = System/Library/Frameworks/NotificationCenter.framework; sourceTree = SDKROOT; };
		65714A09216D81410067DA12 /* TodayViewController.swift */ = {isa = PBXFileReference; lastKnownFileType = sourcecode.swift; path = TodayViewController.swift; sourceTree = "<group>"; };
		65714A0C216D81410067DA12 /* Base */ = {isa = PBXFileReference; lastKnownFileType = file.xib; name = Base; path = Base.lproj/TodayViewController.xib; sourceTree = "<group>"; };
		65714A0E216D81410067DA12 /* Info.plist */ = {isa = PBXFileReference; lastKnownFileType = text.plist.xml; path = Info.plist; sourceTree = "<group>"; };
		65714A10216D81410067DA12 /* en */ = {isa = PBXFileReference; lastKnownFileType = text.plist.strings; name = en; path = en.lproj/InfoPlist.strings; sourceTree = "<group>"; };
		65714A12216D81410067DA12 /* TemporalToday.entitlements */ = {isa = PBXFileReference; lastKnownFileType = text.plist.entitlements; path = TemporalToday.entitlements; sourceTree = "<group>"; };
		657BD1E9211F7A1000966D93 /* CalendarView.xib */ = {isa = PBXFileReference; fileEncoding = 4; lastKnownFileType = file.xib; path = CalendarView.xib; sourceTree = "<group>"; };
		657BD1EA211F7A1000966D93 /* CalendarView.swift */ = {isa = PBXFileReference; fileEncoding = 4; lastKnownFileType = sourcecode.swift; path = CalendarView.swift; sourceTree = "<group>"; };
		65B481AD2172E4B400E02285 /* ClockView.swift */ = {isa = PBXFileReference; fileEncoding = 4; lastKnownFileType = sourcecode.swift; name = ClockView.swift; path = Temporal/Views/ClockView.swift; sourceTree = SOURCE_ROOT; };
		65D340B7212BA0D700B61756 /* TemporalView.swift */ = {isa = PBXFileReference; fileEncoding = 4; lastKnownFileType = sourcecode.swift; path = TemporalView.swift; sourceTree = "<group>"; };
		65E5500D2104AB6700FE56B5 /* Temporal.app */ = {isa = PBXFileReference; explicitFileType = wrapper.application; includeInIndex = 0; path = Temporal.app; sourceTree = BUILT_PRODUCTS_DIR; };
		65E550102104AB6700FE56B5 /* AppDelegate.swift */ = {isa = PBXFileReference; lastKnownFileType = sourcecode.swift; path = AppDelegate.swift; sourceTree = "<group>"; };
		65E550122104AB6800FE56B5 /* Assets.xcassets */ = {isa = PBXFileReference; lastKnownFileType = folder.assetcatalog; path = Assets.xcassets; sourceTree = "<group>"; };
		65E550152104AB6800FE56B5 /* Base */ = {isa = PBXFileReference; lastKnownFileType = file.xib; name = Base; path = Base.lproj/MainMenu.xib; sourceTree = "<group>"; };
		65E550172104AB6800FE56B5 /* Info.plist */ = {isa = PBXFileReference; lastKnownFileType = text.plist.xml; path = Info.plist; sourceTree = "<group>"; };
		65E550182104AB6800FE56B5 /* Temporal.entitlements */ = {isa = PBXFileReference; lastKnownFileType = text.plist.entitlements; path = Temporal.entitlements; sourceTree = "<group>"; };
		65E5501F2104B00A00FE56B5 /* ClockView.swift */ = {isa = PBXFileReference; fileEncoding = 4; lastKnownFileType = sourcecode.swift; path = ClockView.swift; sourceTree = "<group>"; };
		65E550242104B0E700FE56B5 /* StatusMenuController.swift */ = {isa = PBXFileReference; lastKnownFileType = sourcecode.swift; path = StatusMenuController.swift; sourceTree = "<group>"; };
		65E8F34923F06600009D3CD2 /* Themes.swift */ = {isa = PBXFileReference; lastKnownFileType = sourcecode.swift; path = Themes.swift; sourceTree = "<group>"; };
/* End PBXFileReference section */

/* Begin PBXFrameworksBuildPhase section */
		65714A01216D81410067DA12 /* Frameworks */ = {
			isa = PBXFrameworksBuildPhase;
			buildActionMask = 2147483647;
			files = (
				65714A07216D81410067DA12 /* NotificationCenter.framework in Frameworks */,
			);
			runOnlyForDeploymentPostprocessing = 0;
		};
		65E5500A2104AB6700FE56B5 /* Frameworks */ = {
			isa = PBXFrameworksBuildPhase;
			buildActionMask = 2147483647;
			files = (
			);
			runOnlyForDeploymentPostprocessing = 0;
		};
/* End PBXFrameworksBuildPhase section */

/* Begin PBXGroup section */
		654CD0882107544600F6FFE3 /* Views */ = {
			isa = PBXGroup;
			children = (
				65358AD92157DE3E0087CA0C /* CalendarDateItem.swift */,
				657BD1EA211F7A1000966D93 /* CalendarView.swift */,
				65E8F34923F06600009D3CD2 /* Themes.swift */,
				65D340B7212BA0D700B61756 /* TemporalView.swift */,
				65E5501F2104B00A00FE56B5 /* ClockView.swift */,
			);
			path = Views;
			sourceTree = "<group>";
		};
		654CD0892107545900F6FFE3 /* Model */ = {
			isa = PBXGroup;
			children = (
				654CD07E2106FCFD00F6FFE3 /* CalendarMonth.swift */,
			);
			path = Model;
			sourceTree = "<group>";
		};
		654CD08A2107547600F6FFE3 /* Controllers */ = {
			isa = PBXGroup;
			children = (
				65E550242104B0E700FE56B5 /* StatusMenuController.swift */,
			);
			path = Controllers;
			sourceTree = "<group>";
		};
		654CD08B2107549700F6FFE3 /* Interface */ = {
			isa = PBXGroup;
			children = (
				65358AD72157DE330087CA0C /* VButton.swift */,
				657BD1E9211F7A1000966D93 /* CalendarView.xib */,
				654CD0812106FCFE00F6FFE3 /* CalendarDateItem.xib */,
				65E550142104AB6800FE56B5 /* MainMenu.xib */,
			);
			path = Interface;
			sourceTree = "<group>";
		};
		65714A05216D81410067DA12 /* Frameworks */ = {
			isa = PBXGroup;
			children = (
				65714A06216D81410067DA12 /* NotificationCenter.framework */,
			);
			name = Frameworks;
			sourceTree = "<group>";
		};
		65714A08216D81410067DA12 /* TemporalToday */ = {
			isa = PBXGroup;
			children = (
				65B481AD2172E4B400E02285 /* ClockView.swift */,
				65714A09216D81410067DA12 /* TodayViewController.swift */,
				65714A0B216D81410067DA12 /* TodayViewController.xib */,
				65714A0E216D81410067DA12 /* Info.plist */,
				65714A0F216D81410067DA12 /* InfoPlist.strings */,
				65714A12216D81410067DA12 /* TemporalToday.entitlements */,
			);
			path = TemporalToday;
			sourceTree = "<group>";
		};
		65E550042104AB6700FE56B5 = {
			isa = PBXGroup;
			children = (
				65E5500F2104AB6700FE56B5 /* Temporal */,
				65714A08216D81410067DA12 /* TemporalToday */,
				65714A05216D81410067DA12 /* Frameworks */,
				65E5500E2104AB6700FE56B5 /* Products */,
			);
			sourceTree = "<group>";
		};
		65E5500E2104AB6700FE56B5 /* Products */ = {
			isa = PBXGroup;
			children = (
				65E5500D2104AB6700FE56B5 /* Temporal.app */,
				65714A04216D81410067DA12 /* TemporalToday.appex */,
			);
			name = Products;
			sourceTree = "<group>";
		};
		65E5500F2104AB6700FE56B5 /* Temporal */ = {
			isa = PBXGroup;
			children = (
				65E550102104AB6700FE56B5 /* AppDelegate.swift */,
				654CD08B2107549700F6FFE3 /* Interface */,
				654CD08A2107547600F6FFE3 /* Controllers */,
				654CD0892107545900F6FFE3 /* Model */,
				654CD0882107544600F6FFE3 /* Views */,
				65E550122104AB6800FE56B5 /* Assets.xcassets */,
				65E550172104AB6800FE56B5 /* Info.plist */,
				65E550182104AB6800FE56B5 /* Temporal.entitlements */,
			);
			path = Temporal;
			sourceTree = "<group>";
		};
/* End PBXGroup section */

/* Begin PBXNativeTarget section */
		65714A03216D81410067DA12 /* TemporalToday */ = {
			isa = PBXNativeTarget;
			buildConfigurationList = 65714A18216D81410067DA12 /* Build configuration list for PBXNativeTarget "TemporalToday" */;
			buildPhases = (
				65714A00216D81410067DA12 /* Sources */,
				65714A01216D81410067DA12 /* Frameworks */,
				65714A02216D81410067DA12 /* Resources */,
			);
			buildRules = (
			);
			dependencies = (
			);
			name = TemporalToday;
			productName = TemporalToday;
			productReference = 65714A04216D81410067DA12 /* TemporalToday.appex */;
			productType = "com.apple.product-type.app-extension";
		};
		65E5500C2104AB6700FE56B5 /* Temporal */ = {
			isa = PBXNativeTarget;
			buildConfigurationList = 65E5501B2104AB6800FE56B5 /* Build configuration list for PBXNativeTarget "Temporal" */;
			buildPhases = (
				65E550092104AB6700FE56B5 /* Sources */,
				65E5500A2104AB6700FE56B5 /* Frameworks */,
				65E5500B2104AB6700FE56B5 /* Resources */,
				65714A19216D81410067DA12 /* Embed App Extensions */,
			);
			buildRules = (
			);
			dependencies = (
				65714A14216D81410067DA12 /* PBXTargetDependency */,
			);
			name = Temporal;
			productName = Temporal2;
			productReference = 65E5500D2104AB6700FE56B5 /* Temporal.app */;
			productType = "com.apple.product-type.application";
		};
/* End PBXNativeTarget section */

/* Begin PBXProject section */
		65E550052104AB6700FE56B5 /* Project object */ = {
			isa = PBXProject;
			attributes = {
				LastSwiftUpdateCheck = 1000;
				LastUpgradeCheck = 1100;
				ORGANIZATIONNAME = "Venky UL";
				TargetAttributes = {
					65714A03216D81410067DA12 = {
						CreatedOnToolsVersion = 10.0;
						LastSwiftMigration = 1030;
					};
					65E5500C2104AB6700FE56B5 = {
						CreatedOnToolsVersion = 9.4.1;
						LastSwiftMigration = 1030;
					};
				};
			};
			buildConfigurationList = 65E550082104AB6700FE56B5 /* Build configuration list for PBXProject "Temporal" */;
			compatibilityVersion = "Xcode 9.3";
			developmentRegion = en;
			hasScannedForEncodings = 0;
			knownRegions = (
				en,
				Base,
			);
			mainGroup = 65E550042104AB6700FE56B5;
			productRefGroup = 65E5500E2104AB6700FE56B5 /* Products */;
			projectDirPath = "";
			projectRoot = "";
			targets = (
				65E5500C2104AB6700FE56B5 /* Temporal */,
				65714A03216D81410067DA12 /* TemporalToday */,
			);
		};
/* End PBXProject section */

/* Begin PBXResourcesBuildPhase section */
		65714A02216D81410067DA12 /* Resources */ = {
			isa = PBXResourcesBuildPhase;
			buildActionMask = 2147483647;
			files = (
				65714A0D216D81410067DA12 /* TodayViewController.xib in Resources */,
				65714A11216D81410067DA12 /* InfoPlist.strings in Resources */,
			);
			runOnlyForDeploymentPostprocessing = 0;
		};
		65E5500B2104AB6700FE56B5 /* Resources */ = {
			isa = PBXResourcesBuildPhase;
			buildActionMask = 2147483647;
			files = (
				657BD1EB211F7A1000966D93 /* CalendarView.xib in Resources */,
				654CD0862106FCFE00F6FFE3 /* CalendarDateItem.xib in Resources */,
				65E550132104AB6800FE56B5 /* Assets.xcassets in Resources */,
				65E550162104AB6800FE56B5 /* MainMenu.xib in Resources */,
			);
			runOnlyForDeploymentPostprocessing = 0;
		};
/* End PBXResourcesBuildPhase section */

/* Begin PBXSourcesBuildPhase section */
		65714A00216D81410067DA12 /* Sources */ = {
			isa = PBXSourcesBuildPhase;
			buildActionMask = 2147483647;
			files = (
				65714A0A216D81410067DA12 /* TodayViewController.swift in Sources */,
				65B481AE2172E4B400E02285 /* ClockView.swift in Sources */,
			);
			runOnlyForDeploymentPostprocessing = 0;
		};
		65E550092104AB6700FE56B5 /* Sources */ = {
			isa = PBXSourcesBuildPhase;
			buildActionMask = 2147483647;
			files = (
				65358ADA2157DE3E0087CA0C /* CalendarDateItem.swift in Sources */,
				654CD0832106FCFE00F6FFE3 /* CalendarMonth.swift in Sources */,
				657BD1EC211F7A1000966D93 /* CalendarView.swift in Sources */,
				65D340B8212BA0D700B61756 /* TemporalView.swift in Sources */,
				65E8F34A23F06600009D3CD2 /* Themes.swift in Sources */,
				65358AD82157DE340087CA0C /* VButton.swift in Sources */,
				65E550212104B00A00FE56B5 /* ClockView.swift in Sources */,
				65E550252104B0E700FE56B5 /* StatusMenuController.swift in Sources */,
				65E550112104AB6700FE56B5 /* AppDelegate.swift in Sources */,
			);
			runOnlyForDeploymentPostprocessing = 0;
		};
/* End PBXSourcesBuildPhase section */

/* Begin PBXTargetDependency section */
		65714A14216D81410067DA12 /* PBXTargetDependency */ = {
			isa = PBXTargetDependency;
			target = 65714A03216D81410067DA12 /* TemporalToday */;
			targetProxy = 65714A13216D81410067DA12 /* PBXContainerItemProxy */;
		};
/* End PBXTargetDependency section */

/* Begin PBXVariantGroup section */
		65714A0B216D81410067DA12 /* TodayViewController.xib */ = {
			isa = PBXVariantGroup;
			children = (
				65714A0C216D81410067DA12 /* Base */,
			);
			name = TodayViewController.xib;
			sourceTree = "<group>";
		};
		65714A0F216D81410067DA12 /* InfoPlist.strings */ = {
			isa = PBXVariantGroup;
			children = (
				65714A10216D81410067DA12 /* en */,
			);
			name = InfoPlist.strings;
			sourceTree = "<group>";
		};
		65E550142104AB6800FE56B5 /* MainMenu.xib */ = {
			isa = PBXVariantGroup;
			children = (
				65E550152104AB6800FE56B5 /* Base */,
			);
			name = MainMenu.xib;
			sourceTree = "<group>";
		};
/* End PBXVariantGroup section */

/* Begin XCBuildConfiguration section */
		65714A16216D81410067DA12 /* Debug */ = {
			isa = XCBuildConfiguration;
			buildSettings = {
				CODE_SIGN_ENTITLEMENTS = TemporalToday/TemporalToday.entitlements;
				CODE_SIGN_IDENTITY = "Mac Developer";
				CODE_SIGN_STYLE = Automatic;
				COMBINE_HIDPI_IMAGES = YES;
				DEVELOPMENT_TEAM = XZ9VWRV6AW;
				ENABLE_HARDENED_RUNTIME = YES;
				INFOPLIST_FILE = TemporalToday/Info.plist;
				LD_RUNPATH_SEARCH_PATHS = (
					"$(inherited)",
					"@executable_path/../Frameworks",
					"@executable_path/../../../../Frameworks",
				);
				MACOSX_DEPLOYMENT_TARGET = 10.14;
				MTL_ENABLE_DEBUG_INFO = INCLUDE_SOURCE;
				MTL_FAST_MATH = YES;
				PRODUCT_BUNDLE_IDENTIFIER = com.venkyul.Temporal.TemporalToday;
				PRODUCT_NAME = "$(TARGET_NAME)";
				SKIP_INSTALL = YES;
				SWIFT_VERSION = 5.0;
			};
			name = Debug;
		};
		65714A17216D81410067DA12 /* Release */ = {
			isa = XCBuildConfiguration;
			buildSettings = {
				CODE_SIGN_ENTITLEMENTS = TemporalToday/TemporalToday.entitlements;
				CODE_SIGN_IDENTITY = "Mac Developer";
				CODE_SIGN_STYLE = Automatic;
				COMBINE_HIDPI_IMAGES = YES;
				DEVELOPMENT_TEAM = XZ9VWRV6AW;
				ENABLE_HARDENED_RUNTIME = YES;
				INFOPLIST_FILE = TemporalToday/Info.plist;
				LD_RUNPATH_SEARCH_PATHS = (
					"$(inherited)",
					"@executable_path/../Frameworks",
					"@executable_path/../../../../Frameworks",
				);
				MACOSX_DEPLOYMENT_TARGET = 10.14;
				MTL_FAST_MATH = YES;
				PRODUCT_BUNDLE_IDENTIFIER = com.venkyul.Temporal.TemporalToday;
				PRODUCT_NAME = "$(TARGET_NAME)";
				SKIP_INSTALL = YES;
				SWIFT_VERSION = 5.0;
			};
			name = Release;
		};
		65E550192104AB6800FE56B5 /* Debug */ = {
			isa = XCBuildConfiguration;
			buildSettings = {
				ALWAYS_SEARCH_USER_PATHS = NO;
				CLANG_ANALYZER_NONNULL = YES;
				CLANG_ANALYZER_NUMBER_OBJECT_CONVERSION = YES_AGGRESSIVE;
				CLANG_CXX_LANGUAGE_STANDARD = "gnu++14";
				CLANG_CXX_LIBRARY = "libc++";
				CLANG_ENABLE_MODULES = YES;
				CLANG_ENABLE_OBJC_ARC = YES;
				CLANG_ENABLE_OBJC_WEAK = YES;
				CLANG_WARN_BLOCK_CAPTURE_AUTORELEASING = YES;
				CLANG_WARN_BOOL_CONVERSION = YES;
				CLANG_WARN_COMMA = YES;
				CLANG_WARN_CONSTANT_CONVERSION = YES;
				CLANG_WARN_DEPRECATED_OBJC_IMPLEMENTATIONS = YES;
				CLANG_WARN_DIRECT_OBJC_ISA_USAGE = YES_ERROR;
				CLANG_WARN_DOCUMENTATION_COMMENTS = YES;
				CLANG_WARN_EMPTY_BODY = YES;
				CLANG_WARN_ENUM_CONVERSION = YES;
				CLANG_WARN_INFINITE_RECURSION = YES;
				CLANG_WARN_INT_CONVERSION = YES;
				CLANG_WARN_NON_LITERAL_NULL_CONVERSION = YES;
				CLANG_WARN_OBJC_IMPLICIT_RETAIN_SELF = YES;
				CLANG_WARN_OBJC_LITERAL_CONVERSION = YES;
				CLANG_WARN_OBJC_ROOT_CLASS = YES_ERROR;
				CLANG_WARN_RANGE_LOOP_ANALYSIS = YES;
				CLANG_WARN_STRICT_PROTOTYPES = YES;
				CLANG_WARN_SUSPICIOUS_MOVE = YES;
				CLANG_WARN_UNGUARDED_AVAILABILITY = YES_AGGRESSIVE;
				CLANG_WARN_UNREACHABLE_CODE = YES;
				CLANG_WARN__DUPLICATE_METHOD_MATCH = YES;
				CODE_SIGN_IDENTITY = "Mac Developer: venkyul.appdev@gmail.com (3KC4T75LLU)";
				COPY_PHASE_STRIP = NO;
				DEBUG_INFORMATION_FORMAT = dwarf;
				ENABLE_STRICT_OBJC_MSGSEND = YES;
				ENABLE_TESTABILITY = YES;
				GCC_C_LANGUAGE_STANDARD = gnu11;
				GCC_DYNAMIC_NO_PIC = NO;
				GCC_NO_COMMON_BLOCKS = YES;
				GCC_OPTIMIZATION_LEVEL = 0;
				GCC_PREPROCESSOR_DEFINITIONS = (
					"DEBUG=1",
					"$(inherited)",
				);
				GCC_WARN_64_TO_32_BIT_CONVERSION = YES;
				GCC_WARN_ABOUT_RETURN_TYPE = YES_ERROR;
				GCC_WARN_UNDECLARED_SELECTOR = YES;
				GCC_WARN_UNINITIALIZED_AUTOS = YES_AGGRESSIVE;
				GCC_WARN_UNUSED_FUNCTION = YES;
				GCC_WARN_UNUSED_VARIABLE = YES;
				MACOSX_DEPLOYMENT_TARGET = 10.15;
				MTL_ENABLE_DEBUG_INFO = YES;
				ONLY_ACTIVE_ARCH = YES;
				SDKROOT = macosx;
				SWIFT_ACTIVE_COMPILATION_CONDITIONS = DEBUG;
				SWIFT_OPTIMIZATION_LEVEL = "-Onone";
			};
			name = Debug;
		};
		65E5501A2104AB6800FE56B5 /* Release */ = {
			isa = XCBuildConfiguration;
			buildSettings = {
				ALWAYS_SEARCH_USER_PATHS = NO;
				CLANG_ANALYZER_NONNULL = YES;
				CLANG_ANALYZER_NUMBER_OBJECT_CONVERSION = YES_AGGRESSIVE;
				CLANG_CXX_LANGUAGE_STANDARD = "gnu++14";
				CLANG_CXX_LIBRARY = "libc++";
				CLANG_ENABLE_MODULES = YES;
				CLANG_ENABLE_OBJC_ARC = YES;
				CLANG_ENABLE_OBJC_WEAK = YES;
				CLANG_WARN_BLOCK_CAPTURE_AUTORELEASING = YES;
				CLANG_WARN_BOOL_CONVERSION = YES;
				CLANG_WARN_COMMA = YES;
				CLANG_WARN_CONSTANT_CONVERSION = YES;
				CLANG_WARN_DEPRECATED_OBJC_IMPLEMENTATIONS = YES;
				CLANG_WARN_DIRECT_OBJC_ISA_USAGE = YES_ERROR;
				CLANG_WARN_DOCUMENTATION_COMMENTS = YES;
				CLANG_WARN_EMPTY_BODY = YES;
				CLANG_WARN_ENUM_CONVERSION = YES;
				CLANG_WARN_INFINITE_RECURSION = YES;
				CLANG_WARN_INT_CONVERSION = YES;
				CLANG_WARN_NON_LITERAL_NULL_CONVERSION = YES;
				CLANG_WARN_OBJC_IMPLICIT_RETAIN_SELF = YES;
				CLANG_WARN_OBJC_LITERAL_CONVERSION = YES;
				CLANG_WARN_OBJC_ROOT_CLASS = YES_ERROR;
				CLANG_WARN_RANGE_LOOP_ANALYSIS = YES;
				CLANG_WARN_STRICT_PROTOTYPES = YES;
				CLANG_WARN_SUSPICIOUS_MOVE = YES;
				CLANG_WARN_UNGUARDED_AVAILABILITY = YES_AGGRESSIVE;
				CLANG_WARN_UNREACHABLE_CODE = YES;
				CLANG_WARN__DUPLICATE_METHOD_MATCH = YES;
				CODE_SIGN_IDENTITY = "Mac Developer: venkyul.appdev@gmail.com (3KC4T75LLU)";
				COPY_PHASE_STRIP = NO;
				DEBUG_INFORMATION_FORMAT = "dwarf-with-dsym";
				ENABLE_NS_ASSERTIONS = NO;
				ENABLE_STRICT_OBJC_MSGSEND = YES;
				GCC_C_LANGUAGE_STANDARD = gnu11;
				GCC_NO_COMMON_BLOCKS = YES;
				GCC_WARN_64_TO_32_BIT_CONVERSION = YES;
				GCC_WARN_ABOUT_RETURN_TYPE = YES_ERROR;
				GCC_WARN_UNDECLARED_SELECTOR = YES;
				GCC_WARN_UNINITIALIZED_AUTOS = YES_AGGRESSIVE;
				GCC_WARN_UNUSED_FUNCTION = YES;
				GCC_WARN_UNUSED_VARIABLE = YES;
				MACOSX_DEPLOYMENT_TARGET = 10.15;
				MTL_ENABLE_DEBUG_INFO = NO;
				ONLY_ACTIVE_ARCH = YES;
				SDKROOT = macosx;
				SWIFT_COMPILATION_MODE = wholemodule;
				SWIFT_OPTIMIZATION_LEVEL = "-O";
			};
			name = Release;
		};
		65E5501C2104AB6800FE56B5 /* Debug */ = {
			isa = XCBuildConfiguration;
			buildSettings = {
				ALWAYS_EMBED_SWIFT_STANDARD_LIBRARIES = YES;
				ASSETCATALOG_COMPILER_APPICON_NAME = AppIcon;
				CODE_SIGN_ENTITLEMENTS = Temporal/Temporal.entitlements;
				CODE_SIGN_IDENTITY = "Mac Developer";
				CODE_SIGN_STYLE = Automatic;
				COMBINE_HIDPI_IMAGES = YES;
				DEVELOPMENT_TEAM = XZ9VWRV6AW;
				ENABLE_HARDENED_RUNTIME = YES;
				INFOPLIST_FILE = Temporal/Info.plist;
				LD_RUNPATH_SEARCH_PATHS = (
					"$(inherited)",
					"@executable_path/../Frameworks",
				);
				PRODUCT_BUNDLE_IDENTIFIER = com.venkyul.Temporal;
				PRODUCT_NAME = "$(TARGET_NAME)";
				PROVISIONING_PROFILE_SPECIFIER = "";
				SWIFT_VERSION = 5.0;
				VERSIONING_SYSTEM = "apple-generic";
				VERSION_INFO_BUILDER = Easwar;
			};
			name = Debug;
		};
		65E5501D2104AB6800FE56B5 /* Release */ = {
			isa = XCBuildConfiguration;
			buildSettings = {
				ALWAYS_EMBED_SWIFT_STANDARD_LIBRARIES = YES;
				ASSETCATALOG_COMPILER_APPICON_NAME = AppIcon;
				CODE_SIGN_ENTITLEMENTS = Temporal/Temporal.entitlements;
				CODE_SIGN_IDENTITY = "Mac Developer";
				CODE_SIGN_STYLE = Automatic;
				COMBINE_HIDPI_IMAGES = YES;
				DEVELOPMENT_TEAM = XZ9VWRV6AW;
				ENABLE_HARDENED_RUNTIME = YES;
				INFOPLIST_FILE = Temporal/Info.plist;
				LD_RUNPATH_SEARCH_PATHS = (
					"$(inherited)",
					"@executable_path/../Frameworks",
				);
				PRODUCT_BUNDLE_IDENTIFIER = com.venkyul.Temporal;
				PRODUCT_NAME = "$(TARGET_NAME)";
				PROVISIONING_PROFILE_SPECIFIER = "";
				SWIFT_VERSION = 5.0;
				VERSIONING_SYSTEM = "apple-generic";
				VERSION_INFO_BUILDER = Easwar;
			};
			name = Release;
		};
/* End XCBuildConfiguration section */

/* Begin XCConfigurationList section */
		65714A18216D81410067DA12 /* Build configuration list for PBXNativeTarget "TemporalToday" */ = {
			isa = XCConfigurationList;
			buildConfigurations = (
				65714A16216D81410067DA12 /* Debug */,
				65714A17216D81410067DA12 /* Release */,
			);
			defaultConfigurationIsVisible = 0;
			defaultConfigurationName = Release;
		};
		65E550082104AB6700FE56B5 /* Build configuration list for PBXProject "Temporal" */ = {
			isa = XCConfigurationList;
			buildConfigurations = (
				65E550192104AB6800FE56B5 /* Debug */,
				65E5501A2104AB6800FE56B5 /* Release */,
			);
			defaultConfigurationIsVisible = 0;
			defaultConfigurationName = Release;
		};
		65E5501B2104AB6800FE56B5 /* Build configuration list for PBXNativeTarget "Temporal" */ = {
			isa = XCConfigurationList;
			buildConfigurations = (
				65E5501C2104AB6800FE56B5 /* Debug */,
				65E5501D2104AB6800FE56B5 /* Release */,
			);
			defaultConfigurationIsVisible = 0;
			defaultConfigurationName = Release;
		};
/* End XCConfigurationList section */
	};
	rootObject = 65E550052104AB6700FE56B5 /* Project object */;
}
